// !$*UTF8*$!
{
	archiveVersion = 1;
	classes = {
	};
	objectVersion = 77;
	objects = {

/* Begin PBXBuildFile section */
		86BF27FD2DBB29B50070E0A2 /* Alamofire in Frameworks */ = {isa = PBXBuildFile; productRef = 86BF27FC2DBB29B50070E0A2 /* Alamofire */; };
		86BF28002DBB29C40070E0A2 /* Then in Frameworks */ = {isa = PBXBuildFile; productRef = 86BF27FF2DBB29C40070E0A2 /* Then */; };
		86BF28032DBB29DE0070E0A2 /* SnapKit in Frameworks */ = {isa = PBXBuildFile; productRef = 86BF28022DBB29DE0070E0A2 /* SnapKit */; };
/* End PBXBuildFile section */

/* Begin PBXContainerItemProxy section */
		86BF275A2DBB287C0070E0A2 /* PBXContainerItemProxy */ = {
			isa = PBXContainerItemProxy;
			containerPortal = 86BF273B2DBB287B0070E0A2 /* Project object */;
			proxyType = 1;
			remoteGlobalIDString = 86BF27422DBB287B0070E0A2;
			remoteInfo = TeamProject;
		};
		86BF27642DBB287C0070E0A2 /* PBXContainerItemProxy */ = {
			isa = PBXContainerItemProxy;
			containerPortal = 86BF273B2DBB287B0070E0A2 /* Project object */;
			proxyType = 1;
			remoteGlobalIDString = 86BF27422DBB287B0070E0A2;
			remoteInfo = TeamProject;
		};
/* End PBXContainerItemProxy section */

/* Begin PBXFileReference section */
		86BF27432DBB287B0070E0A2 /* TeamProject.app */ = {isa = PBXFileReference; explicitFileType = wrapper.application; includeInIndex = 0; path = TeamProject.app; sourceTree = BUILT_PRODUCTS_DIR; };
		86BF27592DBB287C0070E0A2 /* TeamProjectTests.xctest */ = {isa = PBXFileReference; explicitFileType = wrapper.cfbundle; includeInIndex = 0; path = TeamProjectTests.xctest; sourceTree = BUILT_PRODUCTS_DIR; };
		86BF27632DBB287C0070E0A2 /* TeamProjectUITests.xctest */ = {isa = PBXFileReference; explicitFileType = wrapper.cfbundle; includeInIndex = 0; path = TeamProjectUITests.xctest; sourceTree = BUILT_PRODUCTS_DIR; };
/* End PBXFileReference section */

/* Begin PBXFileSystemSynchronizedBuildFileExceptionSet section */
		86BF276B2DBB287C0070E0A2 /* Exceptions for "TeamProject" folder in "TeamProject" target */ = {
			isa = PBXFileSystemSynchronizedBuildFileExceptionSet;
			membershipExceptions = (
				Info.plist,
			);
			target = 86BF27422DBB287B0070E0A2 /* TeamProject */;
		};
/* End PBXFileSystemSynchronizedBuildFileExceptionSet section */

/* Begin PBXFileSystemSynchronizedRootGroup section */
		86BF27452DBB287B0070E0A2 /* TeamProject */ = {
			isa = PBXFileSystemSynchronizedRootGroup;
			exceptions = (
				86BF276B2DBB287C0070E0A2 /* Exceptions for "TeamProject" folder in "TeamProject" target */,
			);
			path = TeamProject;
			sourceTree = "<group>";
		};
		86BF275C2DBB287C0070E0A2 /* TeamProjectTests */ = {
			isa = PBXFileSystemSynchronizedRootGroup;
			path = TeamProjectTests;
			sourceTree = "<group>";
		};
		86BF27662DBB287C0070E0A2 /* TeamProjectUITests */ = {
			isa = PBXFileSystemSynchronizedRootGroup;
			path = TeamProjectUITests;
			sourceTree = "<group>";
		};
/* End PBXFileSystemSynchronizedRootGroup section */

/* Begin PBXFrameworksBuildPhase section */
		86BF27402DBB287B0070E0A2 /* Frameworks */ = {
			isa = PBXFrameworksBuildPhase;
			buildActionMask = 2147483647;
			files = (
				86BF28032DBB29DE0070E0A2 /* SnapKit in Frameworks */,
				86BF27FD2DBB29B50070E0A2 /* Alamofire in Frameworks */,
				86BF28002DBB29C40070E0A2 /* Then in Frameworks */,
			);
			runOnlyForDeploymentPostprocessing = 0;
		};
		86BF27562DBB287C0070E0A2 /* Frameworks */ = {
			isa = PBXFrameworksBuildPhase;
			buildActionMask = 2147483647;
			files = (
			);
			runOnlyForDeploymentPostprocessing = 0;
		};
		86BF27602DBB287C0070E0A2 /* Frameworks */ = {
			isa = PBXFrameworksBuildPhase;
			buildActionMask = 2147483647;
			files = (
			);
			runOnlyForDeploymentPostprocessing = 0;
		};
/* End PBXFrameworksBuildPhase section */

/* Begin PBXGroup section */
		86BF273A2DBB287B0070E0A2 = {
			isa = PBXGroup;
			children = (
				86BF27452DBB287B0070E0A2 /* TeamProject */,
				86BF275C2DBB287C0070E0A2 /* TeamProjectTests */,
				86BF27662DBB287C0070E0A2 /* TeamProjectUITests */,
				86BF27442DBB287B0070E0A2 /* Products */,
			);
			sourceTree = "<group>";
		};
		86BF27442DBB287B0070E0A2 /* Products */ = {
			isa = PBXGroup;
			children = (
				86BF27432DBB287B0070E0A2 /* TeamProject.app */,
				86BF27592DBB287C0070E0A2 /* TeamProjectTests.xctest */,
				86BF27632DBB287C0070E0A2 /* TeamProjectUITests.xctest */,
			);
			name = Products;
			sourceTree = "<group>";
		};
/* End PBXGroup section */

/* Begin PBXNativeTarget section */
		86BF27422DBB287B0070E0A2 /* TeamProject */ = {
			isa = PBXNativeTarget;
			buildConfigurationList = 86BF276C2DBB287C0070E0A2 /* Build configuration list for PBXNativeTarget "TeamProject" */;
			buildPhases = (
				86BF273F2DBB287B0070E0A2 /* Sources */,
				86BF27402DBB287B0070E0A2 /* Frameworks */,
				86BF27412DBB287B0070E0A2 /* Resources */,
			);
			buildRules = (
			);
			dependencies = (
			);
			fileSystemSynchronizedGroups = (
				86BF27452DBB287B0070E0A2 /* TeamProject */,
			);
			name = TeamProject;
			packageProductDependencies = (
				86BF27FC2DBB29B50070E0A2 /* Alamofire */,
				86BF27FF2DBB29C40070E0A2 /* Then */,
				86BF28022DBB29DE0070E0A2 /* SnapKit */,
			);
			productName = TeamProject;
			productReference = 86BF27432DBB287B0070E0A2 /* TeamProject.app */;
			productType = "com.apple.product-type.application";
		};
		86BF27582DBB287C0070E0A2 /* TeamProjectTests */ = {
			isa = PBXNativeTarget;
			buildConfigurationList = 86BF27712DBB287C0070E0A2 /* Build configuration list for PBXNativeTarget "TeamProjectTests" */;
			buildPhases = (
				86BF27552DBB287C0070E0A2 /* Sources */,
				86BF27562DBB287C0070E0A2 /* Frameworks */,
				86BF27572DBB287C0070E0A2 /* Resources */,
			);
			buildRules = (
			);
			dependencies = (
				86BF275B2DBB287C0070E0A2 /* PBXTargetDependency */,
			);
			fileSystemSynchronizedGroups = (
				86BF275C2DBB287C0070E0A2 /* TeamProjectTests */,
			);
			name = TeamProjectTests;
			packageProductDependencies = (
			);
			productName = TeamProjectTests;
			productReference = 86BF27592DBB287C0070E0A2 /* TeamProjectTests.xctest */;
			productType = "com.apple.product-type.bundle.unit-test";
		};
		86BF27622DBB287C0070E0A2 /* TeamProjectUITests */ = {
			isa = PBXNativeTarget;
			buildConfigurationList = 86BF27742DBB287C0070E0A2 /* Build configuration list for PBXNativeTarget "TeamProjectUITests" */;
			buildPhases = (
				86BF275F2DBB287C0070E0A2 /* Sources */,
				86BF27602DBB287C0070E0A2 /* Frameworks */,
				86BF27612DBB287C0070E0A2 /* Resources */,
			);
			buildRules = (
			);
			dependencies = (
				86BF27652DBB287C0070E0A2 /* PBXTargetDependency */,
			);
			fileSystemSynchronizedGroups = (
				86BF27662DBB287C0070E0A2 /* TeamProjectUITests */,
			);
			name = TeamProjectUITests;
			packageProductDependencies = (
			);
			productName = TeamProjectUITests;
			productReference = 86BF27632DBB287C0070E0A2 /* TeamProjectUITests.xctest */;
			productType = "com.apple.product-type.bundle.ui-testing";
		};
/* End PBXNativeTarget section */

/* Begin PBXProject section */
		86BF273B2DBB287B0070E0A2 /* Project object */ = {
			isa = PBXProject;
			attributes = {
				BuildIndependentTargetsInParallel = 1;
				LastSwiftUpdateCheck = 1630;
				LastUpgradeCheck = 1630;
				TargetAttributes = {
					86BF27422DBB287B0070E0A2 = {
						CreatedOnToolsVersion = 16.3;
					};
					86BF27582DBB287C0070E0A2 = {
						CreatedOnToolsVersion = 16.3;
						TestTargetID = 86BF27422DBB287B0070E0A2;
					};
					86BF27622DBB287C0070E0A2 = {
						CreatedOnToolsVersion = 16.3;
						TestTargetID = 86BF27422DBB287B0070E0A2;
					};
				};
			};
			buildConfigurationList = 86BF273E2DBB287B0070E0A2 /* Build configuration list for PBXProject "TeamProject" */;
			developmentRegion = en;
			hasScannedForEncodings = 0;
			knownRegions = (
				en,
				Base,
			);
			mainGroup = 86BF273A2DBB287B0070E0A2;
			minimizedProjectReferenceProxies = 1;
			packageReferences = (
				86BF27FB2DBB29B50070E0A2 /* XCRemoteSwiftPackageReference "Alamofire" */,
				86BF27FE2DBB29C40070E0A2 /* XCRemoteSwiftPackageReference "Then" */,
				86BF28012DBB29DE0070E0A2 /* XCRemoteSwiftPackageReference "SnapKit" */,
			);
			preferredProjectObjectVersion = 77;
			productRefGroup = 86BF27442DBB287B0070E0A2 /* Products */;
			projectDirPath = "";
			projectRoot = "";
			targets = (
				86BF27422DBB287B0070E0A2 /* TeamProject */,
				86BF27582DBB287C0070E0A2 /* TeamProjectTests */,
				86BF27622DBB287C0070E0A2 /* TeamProjectUITests */,
			);
		};
/* End PBXProject section */

/* Begin PBXResourcesBuildPhase section */
		86BF27412DBB287B0070E0A2 /* Resources */ = {
			isa = PBXResourcesBuildPhase;
			buildActionMask = 2147483647;
			files = (
			);
			runOnlyForDeploymentPostprocessing = 0;
		};
		86BF27572DBB287C0070E0A2 /* Resources */ = {
			isa = PBXResourcesBuildPhase;
			buildActionMask = 2147483647;
			files = (
			);
			runOnlyForDeploymentPostprocessing = 0;
		};
		86BF27612DBB287C0070E0A2 /* Resources */ = {
			isa = PBXResourcesBuildPhase;
			buildActionMask = 2147483647;
			files = (
			);
			runOnlyForDeploymentPostprocessing = 0;
		};
/* End PBXResourcesBuildPhase section */

/* Begin PBXSourcesBuildPhase section */
		86BF273F2DBB287B0070E0A2 /* Sources */ = {
			isa = PBXSourcesBuildPhase;
			buildActionMask = 2147483647;
			files = (
			);
			runOnlyForDeploymentPostprocessing = 0;
		};
		86BF27552DBB287C0070E0A2 /* Sources */ = {
			isa = PBXSourcesBuildPhase;
			buildActionMask = 2147483647;
			files = (
			);
			runOnlyForDeploymentPostprocessing = 0;
		};
		86BF275F2DBB287C0070E0A2 /* Sources */ = {
			isa = PBXSourcesBuildPhase;
			buildActionMask = 2147483647;
			files = (
			);
			runOnlyForDeploymentPostprocessing = 0;
		};
/* End PBXSourcesBuildPhase section */

/* Begin PBXTargetDependency section */
		86BF275B2DBB287C0070E0A2 /* PBXTargetDependency */ = {
			isa = PBXTargetDependency;
			target = 86BF27422DBB287B0070E0A2 /* TeamProject */;
			targetProxy = 86BF275A2DBB287C0070E0A2 /* PBXContainerItemProxy */;
		};
		86BF27652DBB287C0070E0A2 /* PBXTargetDependency */ = {
			isa = PBXTargetDependency;
			target = 86BF27422DBB287B0070E0A2 /* TeamProject */;
			targetProxy = 86BF27642DBB287C0070E0A2 /* PBXContainerItemProxy */;
		};
/* End PBXTargetDependency section */

/* Begin XCBuildConfiguration section */
		86BF276D2DBB287C0070E0A2 /* Debug */ = {
			isa = XCBuildConfiguration;
			buildSettings = {
				ASSETCATALOG_COMPILER_APPICON_NAME = AppIcon;
				ASSETCATALOG_COMPILER_GLOBAL_ACCENT_COLOR_NAME = AccentColor;
				CODE_SIGN_STYLE = Automatic;
				CURRENT_PROJECT_VERSION = 1;
				GENERATE_INFOPLIST_FILE = YES;
				INFOPLIST_FILE = TeamProject/Info.plist;
				INFOPLIST_KEY_UIApplicationSupportsIndirectInputEvents = YES;
				INFOPLIST_KEY_UILaunchStoryboardName = LaunchScreen;
				INFOPLIST_KEY_UISupportedInterfaceOrientations_iPad = "UIInterfaceOrientationPortrait UIInterfaceOrientationPortraitUpsideDown UIInterfaceOrientationLandscapeLeft UIInterfaceOrientationLandscapeRight";
				INFOPLIST_KEY_UISupportedInterfaceOrientations_iPhone = "UIInterfaceOrientationPortrait UIInterfaceOrientationLandscapeLeft UIInterfaceOrientationLandscapeRight";
				IPHONEOS_DEPLOYMENT_TARGET = 16.0;
				LD_RUNPATH_SEARCH_PATHS = (
					"$(inherited)",
					"@executable_path/Frameworks",
				);
				MARKETING_VERSION = 1.0;
				PRODUCT_BUNDLE_IDENTIFIER = "com.TJSpecial-Forces.TeamProject";
				PRODUCT_NAME = "$(TARGET_NAME)";
				SWIFT_EMIT_LOC_STRINGS = YES;
				SWIFT_VERSION = 5.0;
				TARGETED_DEVICE_FAMILY = "1,2";
			};
			name = Debug;
		};
		86BF276E2DBB287C0070E0A2 /* Release */ = {
			isa = XCBuildConfiguration;
			buildSettings = {
				ASSETCATALOG_COMPILER_APPICON_NAME = AppIcon;
				ASSETCATALOG_COMPILER_GLOBAL_ACCENT_COLOR_NAME = AccentColor;
				CODE_SIGN_STYLE = Automatic;
				CURRENT_PROJECT_VERSION = 1;
				GENERATE_INFOPLIST_FILE = YES;
				INFOPLIST_FILE = TeamProject/Info.plist;
				INFOPLIST_KEY_UIApplicationSupportsIndirectInputEvents = YES;
				INFOPLIST_KEY_UILaunchStoryboardName = LaunchScreen;
				INFOPLIST_KEY_UISupportedInterfaceOrientations_iPad = "UIInterfaceOrientationPortrait UIInterfaceOrientationPortraitUpsideDown UIInterfaceOrientationLandscapeLeft UIInterfaceOrientationLandscapeRight";
				INFOPLIST_KEY_UISupportedInterfaceOrientations_iPhone = "UIInterfaceOrientationPortrait UIInterfaceOrientationLandscapeLeft UIInterfaceOrientationLandscapeRight";
				IPHONEOS_DEPLOYMENT_TARGET = 16.0;
				LD_RUNPATH_SEARCH_PATHS = (
					"$(inherited)",
					"@executable_path/Frameworks",
				);
				MARKETING_VERSION = 1.0;
				PRODUCT_BUNDLE_IDENTIFIER = "com.TJSpecial-Forces.TeamProject";
				PRODUCT_NAME = "$(TARGET_NAME)";
				SWIFT_EMIT_LOC_STRINGS = YES;
				SWIFT_VERSION = 5.0;
				TARGETED_DEVICE_FAMILY = "1,2";
			};
			name = Release;
		};
		86BF276F2DBB287C0070E0A2 /* Debug */ = {
			isa = XCBuildConfiguration;
			buildSettings = {
				ALWAYS_SEARCH_USER_PATHS = NO;
				ASSETCATALOG_COMPILER_GENERATE_SWIFT_ASSET_SYMBOL_EXTENSIONS = YES;
				CLANG_ANALYZER_NONNULL = YES;
				CLANG_ANALYZER_NUMBER_OBJECT_CONVERSION = YES_AGGRESSIVE;
				CLANG_CXX_LANGUAGE_STANDARD = "gnu++20";
				CLANG_ENABLE_MODULES = YES;
				CLANG_ENABLE_OBJC_ARC = YES;
				CLANG_ENABLE_OBJC_WEAK = YES;
				CLANG_WARN_BLOCK_CAPTURE_AUTORELEASING = YES;
				CLANG_WARN_BOOL_CONVERSION = YES;
				CLANG_WARN_COMMA = YES;
				CLANG_WARN_CONSTANT_CONVERSION = YES;
				CLANG_WARN_DEPRECATED_OBJC_IMPLEMENTATIONS = YES;
				CLANG_WARN_DIRECT_OBJC_ISA_USAGE = YES_ERROR;
				CLANG_WARN_DOCUMENTATION_COMMENTS = YES;
				CLANG_WARN_EMPTY_BODY = YES;
				CLANG_WARN_ENUM_CONVERSION = YES;
				CLANG_WARN_INFINITE_RECURSION = YES;
				CLANG_WARN_INT_CONVERSION = YES;
				CLANG_WARN_NON_LITERAL_NULL_CONVERSION = YES;
				CLANG_WARN_OBJC_IMPLICIT_RETAIN_SELF = YES;
				CLANG_WARN_OBJC_LITERAL_CONVERSION = YES;
				CLANG_WARN_OBJC_ROOT_CLASS = YES_ERROR;
				CLANG_WARN_QUOTED_INCLUDE_IN_FRAMEWORK_HEADER = YES;
				CLANG_WARN_RANGE_LOOP_ANALYSIS = YES;
				CLANG_WARN_STRICT_PROTOTYPES = YES;
				CLANG_WARN_SUSPICIOUS_MOVE = YES;
				CLANG_WARN_UNGUARDED_AVAILABILITY = YES_AGGRESSIVE;
				CLANG_WARN_UNREACHABLE_CODE = YES;
				CLANG_WARN__DUPLICATE_METHOD_MATCH = YES;
				COPY_PHASE_STRIP = NO;
				DEBUG_INFORMATION_FORMAT = dwarf;
				ENABLE_STRICT_OBJC_MSGSEND = YES;
				ENABLE_TESTABILITY = YES;
				ENABLE_USER_SCRIPT_SANDBOXING = YES;
				GCC_C_LANGUAGE_STANDARD = gnu17;
				GCC_DYNAMIC_NO_PIC = NO;
				GCC_NO_COMMON_BLOCKS = YES;
				GCC_OPTIMIZATION_LEVEL = 0;
				GCC_PREPROCESSOR_DEFINITIONS = (
					"DEBUG=1",
					"$(inherited)",
				);
				GCC_WARN_64_TO_32_BIT_CONVERSION = YES;
				GCC_WARN_ABOUT_RETURN_TYPE = YES_ERROR;
				GCC_WARN_UNDECLARED_SELECTOR = YES;
				GCC_WARN_UNINITIALIZED_AUTOS = YES_AGGRESSIVE;
				GCC_WARN_UNUSED_FUNCTION = YES;
				GCC_WARN_UNUSED_VARIABLE = YES;
				IPHONEOS_DEPLOYMENT_TARGET = 18.4;
				LOCALIZATION_PREFERS_STRING_CATALOGS = YES;
				MTL_ENABLE_DEBUG_INFO = INCLUDE_SOURCE;
				MTL_FAST_MATH = YES;
				ONLY_ACTIVE_ARCH = YES;
				SDKROOT = iphoneos;
				SWIFT_ACTIVE_COMPILATION_CONDITIONS = "DEBUG $(inherited)";
				SWIFT_OPTIMIZATION_LEVEL = "-Onone";
			};
			name = Debug;
		};
		86BF27702DBB287C0070E0A2 /* Release */ = {
			isa = XCBuildConfiguration;
			buildSettings = {
				ALWAYS_SEARCH_USER_PATHS = NO;
				ASSETCATALOG_COMPILER_GENERATE_SWIFT_ASSET_SYMBOL_EXTENSIONS = YES;
				CLANG_ANALYZER_NONNULL = YES;
				CLANG_ANALYZER_NUMBER_OBJECT_CONVERSION = YES_AGGRESSIVE;
				CLANG_CXX_LANGUAGE_STANDARD = "gnu++20";
				CLANG_ENABLE_MODULES = YES;
				CLANG_ENABLE_OBJC_ARC = YES;
				CLANG_ENABLE_OBJC_WEAK = YES;
				CLANG_WARN_BLOCK_CAPTURE_AUTORELEASING = YES;
				CLANG_WARN_BOOL_CONVERSION = YES;
				CLANG_WARN_COMMA = YES;
				CLANG_WARN_CONSTANT_CONVERSION = YES;
				CLANG_WARN_DEPRECATED_OBJC_IMPLEMENTATIONS = YES;
				CLANG_WARN_DIRECT_OBJC_ISA_USAGE = YES_ERROR;
				CLANG_WARN_DOCUMENTATION_COMMENTS = YES;
				CLANG_WARN_EMPTY_BODY = YES;
				CLANG_WARN_ENUM_CONVERSION = YES;
				CLANG_WARN_INFINITE_RECURSION = YES;
				CLANG_WARN_INT_CONVERSION = YES;
				CLANG_WARN_NON_LITERAL_NULL_CONVERSION = YES;
				CLANG_WARN_OBJC_IMPLICIT_RETAIN_SELF = YES;
				CLANG_WARN_OBJC_LITERAL_CONVERSION = YES;
				CLANG_WARN_OBJC_ROOT_CLASS = YES_ERROR;
				CLANG_WARN_QUOTED_INCLUDE_IN_FRAMEWORK_HEADER = YES;
				CLANG_WARN_RANGE_LOOP_ANALYSIS = YES;
				CLANG_WARN_STRICT_PROTOTYPES = YES;
				CLANG_WARN_SUSPICIOUS_MOVE = YES;
				CLANG_WARN_UNGUARDED_AVAILABILITY = YES_AGGRESSIVE;
				CLANG_WARN_UNREACHABLE_CODE = YES;
				CLANG_WARN__DUPLICATE_METHOD_MATCH = YES;
				COPY_PHASE_STRIP = NO;
				DEBUG_INFORMATION_FORMAT = "dwarf-with-dsym";
				ENABLE_NS_ASSERTIONS = NO;
				ENABLE_STRICT_OBJC_MSGSEND = YES;
				ENABLE_USER_SCRIPT_SANDBOXING = YES;
				GCC_C_LANGUAGE_STANDARD = gnu17;
				GCC_NO_COMMON_BLOCKS = YES;
				GCC_WARN_64_TO_32_BIT_CONVERSION = YES;
				GCC_WARN_ABOUT_RETURN_TYPE = YES_ERROR;
				GCC_WARN_UNDECLARED_SELECTOR = YES;
				GCC_WARN_UNINITIALIZED_AUTOS = YES_AGGRESSIVE;
				GCC_WARN_UNUSED_FUNCTION = YES;
				GCC_WARN_UNUSED_VARIABLE = YES;
				IPHONEOS_DEPLOYMENT_TARGET = 18.4;
				LOCALIZATION_PREFERS_STRING_CATALOGS = YES;
				MTL_ENABLE_DEBUG_INFO = NO;
				MTL_FAST_MATH = YES;
				SDKROOT = iphoneos;
				SWIFT_COMPILATION_MODE = wholemodule;
				VALIDATE_PRODUCT = YES;
			};
			name = Release;
		};
		86BF27722DBB287C0070E0A2 /* Debug */ = {
			isa = XCBuildConfiguration;
			buildSettings = {
				BUNDLE_LOADER = "$(TEST_HOST)";
				CODE_SIGN_STYLE = Automatic;
				CURRENT_PROJECT_VERSION = 1;
				GENERATE_INFOPLIST_FILE = YES;
				IPHONEOS_DEPLOYMENT_TARGET = 18.4;
				MARKETING_VERSION = 1.0;
				PRODUCT_BUNDLE_IDENTIFIER = "com.TJSpecial-Forces.TeamProjectTests";
				PRODUCT_NAME = "$(TARGET_NAME)";
				SWIFT_EMIT_LOC_STRINGS = NO;
				SWIFT_VERSION = 5.0;
				TARGETED_DEVICE_FAMILY = "1,2";
				TEST_HOST = "$(BUILT_PRODUCTS_DIR)/TeamProject.app/$(BUNDLE_EXECUTABLE_FOLDER_PATH)/TeamProject";
			};
			name = Debug;
		};
		86BF27732DBB287C0070E0A2 /* Release */ = {
			isa = XCBuildConfiguration;
			buildSettings = {
				BUNDLE_LOADER = "$(TEST_HOST)";
				CODE_SIGN_STYLE = Automatic;
				CURRENT_PROJECT_VERSION = 1;
				GENERATE_INFOPLIST_FILE = YES;
				IPHONEOS_DEPLOYMENT_TARGET = 18.4;
				MARKETING_VERSION = 1.0;
				PRODUCT_BUNDLE_IDENTIFIER = "com.TJSpecial-Forces.TeamProjectTests";
				PRODUCT_NAME = "$(TARGET_NAME)";
				SWIFT_EMIT_LOC_STRINGS = NO;
				SWIFT_VERSION = 5.0;
				TARGETED_DEVICE_FAMILY = "1,2";
				TEST_HOST = "$(BUILT_PRODUCTS_DIR)/TeamProject.app/$(BUNDLE_EXECUTABLE_FOLDER_PATH)/TeamProject";
			};
			name = Release;
		};
		86BF27752DBB287C0070E0A2 /* Debug */ = {
			isa = XCBuildConfiguration;
			buildSettings = {
				CODE_SIGN_STYLE = Automatic;
				CURRENT_PROJECT_VERSION = 1;
				GENERATE_INFOPLIST_FILE = YES;
				MARKETING_VERSION = 1.0;
				PRODUCT_BUNDLE_IDENTIFIER = "com.TJSpecial-Forces.TeamProjectUITests";
				PRODUCT_NAME = "$(TARGET_NAME)";
				SWIFT_EMIT_LOC_STRINGS = NO;
				SWIFT_VERSION = 5.0;
				TARGETED_DEVICE_FAMILY = "1,2";
				TEST_TARGET_NAME = TeamProject;
			};
			name = Debug;
		};
		86BF27762DBB287C0070E0A2 /* Release */ = {
			isa = XCBuildConfiguration;
			buildSettings = {
				CODE_SIGN_STYLE = Automatic;
				CURRENT_PROJECT_VERSION = 1;
				GENERATE_INFOPLIST_FILE = YES;
				MARKETING_VERSION = 1.0;
				PRODUCT_BUNDLE_IDENTIFIER = "com.TJSpecial-Forces.TeamProjectUITests";
				PRODUCT_NAME = "$(TARGET_NAME)";
				SWIFT_EMIT_LOC_STRINGS = NO;
				SWIFT_VERSION = 5.0;
				TARGETED_DEVICE_FAMILY = "1,2";
				TEST_TARGET_NAME = TeamProject;
			};
			name = Release;
		};
/* End XCBuildConfiguration section */

/* Begin XCConfigurationList section */
		86BF273E2DBB287B0070E0A2 /* Build configuration list for PBXProject "TeamProject" */ = {
			isa = XCConfigurationList;
			buildConfigurations = (
				86BF276F2DBB287C0070E0A2 /* Debug */,
				86BF27702DBB287C0070E0A2 /* Release */,
			);
			defaultConfigurationIsVisible = 0;
			defaultConfigurationName = Release;
		};
		86BF276C2DBB287C0070E0A2 /* Build configuration list for PBXNativeTarget "TeamProject" */ = {
			isa = XCConfigurationList;
			buildConfigurations = (
				86BF276D2DBB287C0070E0A2 /* Debug */,
				86BF276E2DBB287C0070E0A2 /* Release */,
			);
			defaultConfigurationIsVisible = 0;
			defaultConfigurationName = Release;
		};
		86BF27712DBB287C0070E0A2 /* Build configuration list for PBXNativeTarget "TeamProjectTests" */ = {
			isa = XCConfigurationList;
			buildConfigurations = (
				86BF27722DBB287C0070E0A2 /* Debug */,
				86BF27732DBB287C0070E0A2 /* Release */,
			);
			defaultConfigurationIsVisible = 0;
			defaultConfigurationName = Release;
		};
		86BF27742DBB287C0070E0A2 /* Build configuration list for PBXNativeTarget "TeamProjectUITests" */ = {
			isa = XCConfigurationList;
			buildConfigurations = (
				86BF27752DBB287C0070E0A2 /* Debug */,
				86BF27762DBB287C0070E0A2 /* Release */,
			);
			defaultConfigurationIsVisible = 0;
			defaultConfigurationName = Release;
		};
/* End XCConfigurationList section */

/* Begin XCRemoteSwiftPackageReference section */
		86BF27FB2DBB29B50070E0A2 /* XCRemoteSwiftPackageReference "Alamofire" */ = {
			isa = XCRemoteSwiftPackageReference;
			repositoryURL = "https://github.com/Alamofire/Alamofire.git";
			requirement = {
				kind = upToNextMajorVersion;
				minimumVersion = 5.10.2;
			};
		};
		86BF27FE2DBB29C40070E0A2 /* XCRemoteSwiftPackageReference "Then" */ = {
			isa = XCRemoteSwiftPackageReference;
			repositoryURL = "https://github.com/devxoul/Then.git";
			requirement = {
				kind = upToNextMajorVersion;
				minimumVersion = 3.0.0;
			};
		};
		86BF28012DBB29DE0070E0A2 /* XCRemoteSwiftPackageReference "SnapKit" */ = {
			isa = XCRemoteSwiftPackageReference;
			repositoryURL = "https://github.com/SnapKit/SnapKit.git";
			requirement = {
				kind = upToNextMajorVersion;
				minimumVersion = 5.7.1;
			};
		};
/* End XCRemoteSwiftPackageReference section */

/* Begin XCSwiftPackageProductDependency section */
		86BF27FC2DBB29B50070E0A2 /* Alamofire */ = {
			isa = XCSwiftPackageProductDependency;
			package = 86BF27FB2DBB29B50070E0A2 /* XCRemoteSwiftPackageReference "Alamofire" */;
			productName = Alamofire;
		};
		86BF27FF2DBB29C40070E0A2 /* Then */ = {
			isa = XCSwiftPackageProductDependency;
			package = 86BF27FE2DBB29C40070E0A2 /* XCRemoteSwiftPackageReference "Then" */;
			productName = Then;
		};
		86BF28022DBB29DE0070E0A2 /* SnapKit */ = {
			isa = XCSwiftPackageProductDependency;
			package = 86BF28012DBB29DE0070E0A2 /* XCRemoteSwiftPackageReference "SnapKit" */;
			productName = SnapKit;
		};
/* End XCSwiftPackageProductDependency section */
	};
	rootObject = 86BF273B2DBB287B0070E0A2 /* Project object */;
}
